<?xml version="1.0" encoding="UTF-8" standalone="yes" ?>
<CodeBlocks_project_file>
	<FileVersion major="1" minor="6" />
	<Project>
		<Option title="2DCommander" />
		<Option pch_mode="2" />
		<Option compiler="gcc" />
		<Build>
			<Target title="Debug">
				<Option output="bin/Debug/2DCommander" prefix_auto="1" extension_auto="1" />
				<Option object_output="obj/Debug/" />
				<Option type="1" />
				<Option compiler="gcc" />
				<Compiler>
					<Add option="-g" />
				</Compiler>
			</Target>
			<Target title="Release">
				<Option output="bin/Release/2DCommander" prefix_auto="1" extension_auto="1" />
				<Option object_output="obj/Release/" />
				<Option type="0" />
				<Option compiler="gcc" />
				<Compiler>
					<Add option="-O2" />
				</Compiler>
				<Linker>
					<Add option="-s" />
				</Linker>
			</Target>
		</Build>
		<Compiler>
			<Add option="-Wmain" />
			<Add option="-Wextra" />
			<Add option="-Wall" />
			<Add option="-g" />
		</Compiler>
		<Linker>
			<Add option="-lGL" />
			<Add option="-lGLU" />
			<Add option="-lglut" />
			<Add library="GL" />
			<Add library="X11" />
		</Linker>
		<Unit filename="battlefield.cpp" />
		<Unit filename="battlefield.hpp" />
		<Unit filename="box.cpp" />
		<Unit filename="box.hpp" />
		<Unit filename="collect.cpp" />
		<Unit filename="collect.hpp" />
		<Unit filename="main-cleanup.cpp" />
		<Unit filename="main-draw.cpp" />
		<Unit filename="main-global.cpp" />
		<Unit filename="main-init.cpp" />
		<Unit filename="main-key.cpp" />
		<Unit filename="main-resize.cpp" />
		<Unit filename="main-special.cpp" />
		<Unit filename="main-timer.cpp" />
		<Unit filename="main.cpp" />
		<Unit filename="main.hpp" />
		<Unit filename="myOpenGLDrawingMethods.cpp" />
		<Unit filename="myOpenGLDrawingMethods.hpp" />
		<Unit filename="objective.cpp" />
		<Unit filename="objective.hpp" />
		<Unit filename="rand-gen.cpp" />
		<Unit filename="rand-gen.hpp" />
		<Unit filename="soldier.cpp" />
		<Unit filename="soldier.hpp" />
		<Unit filename="spawnpoint.cpp" />
		<Unit filename="spawnpoint.hpp" />
		<Unit filename="team.cpp" />
		<Unit filename="team.hpp" />
		<Unit filename="top-down-cam.cpp" />
		<Unit filename="top-down-cam.hpp" />
		<Unit filename="vector3d.cpp" />
		<Unit filename="vector3d.hpp" />
		<Extensions>
			<code_completion />
			<debugger />
		</Extensions>
	</Project>
</CodeBlocks_project_file>
